// !$*UTF8*$!
{
	archiveVersion = 1;
	classes = {
	};
	objectVersion = 56;
	objects = {

/* Begin PBXBuildFile section */
		1317BF582B6F9F69003BCCBB /* URLViewController.swift in Sources */ = {isa = PBXBuildFile; fileRef = 1317BF572B6F9F69003BCCBB /* URLViewController.swift */; };
		135A53B72B6FECAB009E8E84 /* MessageViewController.swift in Sources */ = {isa = PBXBuildFile; fileRef = 135A53B62B6FECAB009E8E84 /* MessageViewController.swift */; };
		13CA1B342B6E46E600612C29 /* AppDelegate.swift in Sources */ = {isa = PBXBuildFile; fileRef = 13CA1B332B6E46E600612C29 /* AppDelegate.swift */; };
		13CA1B362B6E46E600612C29 /* SceneDelegate.swift in Sources */ = {isa = PBXBuildFile; fileRef = 13CA1B352B6E46E600612C29 /* SceneDelegate.swift */; };
		13CA1B382B6E46E600612C29 /* QRViewController.swift in Sources */ = {isa = PBXBuildFile; fileRef = 13CA1B372B6E46E600612C29 /* QRViewController.swift */; };
		13CA1B3E2B6E46E700612C29 /* ZrobiQR.xcdatamodeld in Sources */ = {isa = PBXBuildFile; fileRef = 13CA1B3C2B6E46E700612C29 /* ZrobiQR.xcdatamodeld */; };
		13CA1B402B6E46E800612C29 /* Assets.xcassets in Resources */ = {isa = PBXBuildFile; fileRef = 13CA1B3F2B6E46E800612C29 /* Assets.xcassets */; };
		13CA1B432B6E46E800612C29 /* LaunchScreen.storyboard in Resources */ = {isa = PBXBuildFile; fileRef = 13CA1B412B6E46E800612C29 /* LaunchScreen.storyboard */; };
		13CA1B512B6E47F500612C29 /* SnapKit in Frameworks */ = {isa = PBXBuildFile; productRef = 13CA1B502B6E47F500612C29 /* SnapKit */; };
		13D35BAD2B6E829E00B93091 /* MainViewController.swift in Sources */ = {isa = PBXBuildFile; fileRef = 13D35BAC2B6E829E00B93091 /* MainViewController.swift */; };
		13D35BAF2B6E8AD100B93091 /* EANViewController.swift in Sources */ = {isa = PBXBuildFile; fileRef = 13D35BAE2B6E8AD100B93091 /* EANViewController.swift */; };
		13D35BB12B6E90BD00B93091 /* UPCViewController.swift in Sources */ = {isa = PBXBuildFile; fileRef = 13D35BB02B6E90BD00B93091 /* UPCViewController.swift */; };
		13F89F192B6F53A900D86685 /* WifiViewController.swift in Sources */ = {isa = PBXBuildFile; fileRef = 13F89F182B6F53A900D86685 /* WifiViewController.swift */; };
		13F89F1B2B6F5C7F00D86685 /* VCardViewController.swift in Sources */ = {isa = PBXBuildFile; fileRef = 13F89F1A2B6F5C7F00D86685 /* VCardViewController.swift */; };
/* End PBXBuildFile section */

/* Begin PBXFileReference section */
		1317BF572B6F9F69003BCCBB /* URLViewController.swift */ = {isa = PBXFileReference; lastKnownFileType = sourcecode.swift; path = URLViewController.swift; sourceTree = "<group>"; };
		135A53B62B6FECAB009E8E84 /* MessageViewController.swift */ = {isa = PBXFileReference; lastKnownFileType = sourcecode.swift; path = MessageViewController.swift; sourceTree = "<group>"; };
		13CA1B302B6E46E600612C29 /* ZrobiQR.app */ = {isa = PBXFileReference; explicitFileType = wrapper.application; includeInIndex = 0; path = ZrobiQR.app; sourceTree = BUILT_PRODUCTS_DIR; };
		13CA1B332B6E46E600612C29 /* AppDelegate.swift */ = {isa = PBXFileReference; lastKnownFileType = sourcecode.swift; path = AppDelegate.swift; sourceTree = "<group>"; };
		13CA1B352B6E46E600612C29 /* SceneDelegate.swift */ = {isa = PBXFileReference; lastKnownFileType = sourcecode.swift; path = SceneDelegate.swift; sourceTree = "<group>"; };
		13CA1B372B6E46E600612C29 /* QRViewController.swift */ = {isa = PBXFileReference; lastKnownFileType = sourcecode.swift; path = QRViewController.swift; sourceTree = "<group>"; };
		13CA1B3D2B6E46E700612C29 /* ZrobiQR.xcdatamodel */ = {isa = PBXFileReference; lastKnownFileType = wrapper.xcdatamodel; path = ZrobiQR.xcdatamodel; sourceTree = "<group>"; };
		13CA1B3F2B6E46E800612C29 /* Assets.xcassets */ = {isa = PBXFileReference; lastKnownFileType = folder.assetcatalog; path = Assets.xcassets; sourceTree = "<group>"; };
		13CA1B422B6E46E800612C29 /* Base */ = {isa = PBXFileReference; lastKnownFileType = file.storyboard; name = Base; path = Base.lproj/LaunchScreen.storyboard; sourceTree = "<group>"; };
		13CA1B442B6E46E800612C29 /* Info.plist */ = {isa = PBXFileReference; lastKnownFileType = text.plist.xml; path = Info.plist; sourceTree = "<group>"; };
		13D35BAC2B6E829E00B93091 /* MainViewController.swift */ = {isa = PBXFileReference; lastKnownFileType = sourcecode.swift; path = MainViewController.swift; sourceTree = "<group>"; };
		13D35BAE2B6E8AD100B93091 /* EANViewController.swift */ = {isa = PBXFileReference; lastKnownFileType = sourcecode.swift; path = EANViewController.swift; sourceTree = "<group>"; };
		13D35BB02B6E90BD00B93091 /* UPCViewController.swift */ = {isa = PBXFileReference; lastKnownFileType = sourcecode.swift; path = UPCViewController.swift; sourceTree = "<group>"; };
		13F89F182B6F53A900D86685 /* WifiViewController.swift */ = {isa = PBXFileReference; lastKnownFileType = sourcecode.swift; path = WifiViewController.swift; sourceTree = "<group>"; };
		13F89F1A2B6F5C7F00D86685 /* VCardViewController.swift */ = {isa = PBXFileReference; lastKnownFileType = sourcecode.swift; path = VCardViewController.swift; sourceTree = "<group>"; };
/* End PBXFileReference section */

/* Begin PBXFrameworksBuildPhase section */
		13CA1B2D2B6E46E600612C29 /* Frameworks */ = {
			isa = PBXFrameworksBuildPhase;
			buildActionMask = 2147483647;
			files = (
				13CA1B512B6E47F500612C29 /* SnapKit in Frameworks */,
			);
			runOnlyForDeploymentPostprocessing = 0;
		};
/* End PBXFrameworksBuildPhase section */

/* Begin PBXGroup section */
		13CA1B272B6E46E600612C29 = {
			isa = PBXGroup;
			children = (
				13CA1B322B6E46E600612C29 /* ZrobiQR */,
				13CA1B312B6E46E600612C29 /* Products */,
			);
			sourceTree = "<group>";
		};
		13CA1B312B6E46E600612C29 /* Products */ = {
			isa = PBXGroup;
			children = (
				13CA1B302B6E46E600612C29 /* ZrobiQR.app */,
			);
			name = Products;
			sourceTree = "<group>";
		};
		13CA1B322B6E46E600612C29 /* ZrobiQR */ = {
			isa = PBXGroup;
			children = (
				13CA1B4E2B6E473800612C29 /* Data */,
				13CA1B4C2B6E472200612C29 /* Application */,
				13CA1B4B2B6E471800612C29 /* Controllers */,
				13CA1B4A2B6E471200612C29 /* Resources */,
			);
			path = ZrobiQR;
			sourceTree = "<group>";
		};
		13CA1B4A2B6E471200612C29 /* Resources */ = {
			isa = PBXGroup;
			children = (
				13CA1B3F2B6E46E800612C29 /* Assets.xcassets */,
				13CA1B442B6E46E800612C29 /* Info.plist */,
				13CA1B412B6E46E800612C29 /* LaunchScreen.storyboard */,
			);
			path = Resources;
			sourceTree = "<group>";
		};
		13CA1B4B2B6E471800612C29 /* Controllers */ = {
			isa = PBXGroup;
			children = (
				13D35BAC2B6E829E00B93091 /* MainViewController.swift */,
				13CA1B372B6E46E600612C29 /* QRViewController.swift */,
				13D35BAE2B6E8AD100B93091 /* EANViewController.swift */,
				13D35BB02B6E90BD00B93091 /* UPCViewController.swift */,
				13F89F182B6F53A900D86685 /* WifiViewController.swift */,
				13F89F1A2B6F5C7F00D86685 /* VCardViewController.swift */,
				1317BF572B6F9F69003BCCBB /* URLViewController.swift */,
				135A53B62B6FECAB009E8E84 /* MessageViewController.swift */,
			);
			path = Controllers;
			sourceTree = "<group>";
		};
		13CA1B4C2B6E472200612C29 /* Application */ = {
			isa = PBXGroup;
			children = (
				13CA1B332B6E46E600612C29 /* AppDelegate.swift */,
				13CA1B352B6E46E600612C29 /* SceneDelegate.swift */,
			);
			path = Application;
			sourceTree = "<group>";
		};
		13CA1B4E2B6E473800612C29 /* Data */ = {
			isa = PBXGroup;
			children = (
				13CA1B3C2B6E46E700612C29 /* ZrobiQR.xcdatamodeld */,
			);
			path = Data;
			sourceTree = "<group>";
		};
/* End PBXGroup section */

/* Begin PBXNativeTarget section */
		13CA1B2F2B6E46E600612C29 /* ZrobiQR */ = {
			isa = PBXNativeTarget;
			buildConfigurationList = 13CA1B472B6E46E800612C29 /* Build configuration list for PBXNativeTarget "ZrobiQR" */;
			buildPhases = (
				13CA1B2C2B6E46E600612C29 /* Sources */,
				13CA1B2D2B6E46E600612C29 /* Frameworks */,
				13CA1B2E2B6E46E600612C29 /* Resources */,
			);
			buildRules = (
			);
			dependencies = (
			);
			name = ZrobiQR;
			packageProductDependencies = (
				13CA1B502B6E47F500612C29 /* SnapKit */,
			);
			productName = ZrobiQR;
			productReference = 13CA1B302B6E46E600612C29 /* ZrobiQR.app */;
			productType = "com.apple.product-type.application";
		};
/* End PBXNativeTarget section */

/* Begin PBXProject section */
		13CA1B282B6E46E600612C29 /* Project object */ = {
			isa = PBXProject;
			attributes = {
				BuildIndependentTargetsInParallel = 1;
				LastSwiftUpdateCheck = 1520;
				LastUpgradeCheck = 1520;
				TargetAttributes = {
					13CA1B2F2B6E46E600612C29 = {
						CreatedOnToolsVersion = 15.2;
					};
				};
			};
			buildConfigurationList = 13CA1B2B2B6E46E600612C29 /* Build configuration list for PBXProject "ZrobiQR" */;
			compatibilityVersion = "Xcode 14.0";
			developmentRegion = en;
			hasScannedForEncodings = 0;
			knownRegions = (
				en,
				Base,
			);
			mainGroup = 13CA1B272B6E46E600612C29;
			packageReferences = (
				13CA1B4F2B6E47F500612C29 /* XCRemoteSwiftPackageReference "SnapKit" */,
			);
			productRefGroup = 13CA1B312B6E46E600612C29 /* Products */;
			projectDirPath = "";
			projectRoot = "";
			targets = (
				13CA1B2F2B6E46E600612C29 /* ZrobiQR */,
			);
		};
/* End PBXProject section */

/* Begin PBXResourcesBuildPhase section */
		13CA1B2E2B6E46E600612C29 /* Resources */ = {
			isa = PBXResourcesBuildPhase;
			buildActionMask = 2147483647;
			files = (
				13CA1B432B6E46E800612C29 /* LaunchScreen.storyboard in Resources */,
				13CA1B402B6E46E800612C29 /* Assets.xcassets in Resources */,
			);
			runOnlyForDeploymentPostprocessing = 0;
		};
/* End PBXResourcesBuildPhase section */

/* Begin PBXSourcesBuildPhase section */
		13CA1B2C2B6E46E600612C29 /* Sources */ = {
			isa = PBXSourcesBuildPhase;
			buildActionMask = 2147483647;
			files = (
				13CA1B382B6E46E600612C29 /* QRViewController.swift in Sources */,
				13F89F192B6F53A900D86685 /* WifiViewController.swift in Sources */,
				13D35BB12B6E90BD00B93091 /* UPCViewController.swift in Sources */,
				13CA1B3E2B6E46E700612C29 /* ZrobiQR.xcdatamodeld in Sources */,
				13F89F1B2B6F5C7F00D86685 /* VCardViewController.swift in Sources */,
				13CA1B342B6E46E600612C29 /* AppDelegate.swift in Sources */,
				1317BF582B6F9F69003BCCBB /* URLViewController.swift in Sources */,
				13D35BAF2B6E8AD100B93091 /* EANViewController.swift in Sources */,
				13CA1B362B6E46E600612C29 /* SceneDelegate.swift in Sources */,
				13D35BAD2B6E829E00B93091 /* MainViewController.swift in Sources */,
				135A53B72B6FECAB009E8E84 /* MessageViewController.swift in Sources */,
			);
			runOnlyForDeploymentPostprocessing = 0;
		};
/* End PBXSourcesBuildPhase section */

/* Begin PBXVariantGroup section */
		13CA1B412B6E46E800612C29 /* LaunchScreen.storyboard */ = {
			isa = PBXVariantGroup;
			children = (
				13CA1B422B6E46E800612C29 /* Base */,
			);
			name = LaunchScreen.storyboard;
			sourceTree = "<group>";
		};
/* End PBXVariantGroup section */

/* Begin XCBuildConfiguration section */
		13CA1B452B6E46E800612C29 /* Debug */ = {
			isa = XCBuildConfiguration;
			buildSettings = {
				ALWAYS_SEARCH_USER_PATHS = NO;
				ASSETCATALOG_COMPILER_GENERATE_SWIFT_ASSET_SYMBOL_EXTENSIONS = YES;
				CLANG_ANALYZER_NONNULL = YES;
				CLANG_ANALYZER_NUMBER_OBJECT_CONVERSION = YES_AGGRESSIVE;
				CLANG_CXX_LANGUAGE_STANDARD = "gnu++20";
				CLANG_ENABLE_MODULES = YES;
				CLANG_ENABLE_OBJC_ARC = YES;
				CLANG_ENABLE_OBJC_WEAK = YES;
				CLANG_WARN_BLOCK_CAPTURE_AUTORELEASING = YES;
				CLANG_WARN_BOOL_CONVERSION = YES;
				CLANG_WARN_COMMA = YES;
				CLANG_WARN_CONSTANT_CONVERSION = YES;
				CLANG_WARN_DEPRECATED_OBJC_IMPLEMENTATIONS = YES;
				CLANG_WARN_DIRECT_OBJC_ISA_USAGE = YES_ERROR;
				CLANG_WARN_DOCUMENTATION_COMMENTS = YES;
				CLANG_WARN_EMPTY_BODY = YES;
				CLANG_WARN_ENUM_CONVERSION = YES;
				CLANG_WARN_INFINITE_RECURSION = YES;
				CLANG_WARN_INT_CONVERSION = YES;
				CLANG_WARN_NON_LITERAL_NULL_CONVERSION = YES;
				CLANG_WARN_OBJC_IMPLICIT_RETAIN_SELF = YES;
				CLANG_WARN_OBJC_LITERAL_CONVERSION = YES;
				CLANG_WARN_OBJC_ROOT_CLASS = YES_ERROR;
				CLANG_WARN_QUOTED_INCLUDE_IN_FRAMEWORK_HEADER = YES;
				CLANG_WARN_RANGE_LOOP_ANALYSIS = YES;
				CLANG_WARN_STRICT_PROTOTYPES = YES;
				CLANG_WARN_SUSPICIOUS_MOVE = YES;
				CLANG_WARN_UNGUARDED_AVAILABILITY = YES_AGGRESSIVE;
				CLANG_WARN_UNREACHABLE_CODE = YES;
				CLANG_WARN__DUPLICATE_METHOD_MATCH = YES;
				COPY_PHASE_STRIP = NO;
				DEBUG_INFORMATION_FORMAT = dwarf;
				ENABLE_STRICT_OBJC_MSGSEND = YES;
				ENABLE_TESTABILITY = YES;
				ENABLE_USER_SCRIPT_SANDBOXING = YES;
				GCC_C_LANGUAGE_STANDARD = gnu17;
				GCC_DYNAMIC_NO_PIC = NO;
				GCC_NO_COMMON_BLOCKS = YES;
				GCC_OPTIMIZATION_LEVEL = 0;
				GCC_PREPROCESSOR_DEFINITIONS = (
					"DEBUG=1",
					"$(inherited)",
				);
				GCC_WARN_64_TO_32_BIT_CONVERSION = YES;
				GCC_WARN_ABOUT_RETURN_TYPE = YES_ERROR;
				GCC_WARN_UNDECLARED_SELECTOR = YES;
				GCC_WARN_UNINITIALIZED_AUTOS = YES_AGGRESSIVE;
				GCC_WARN_UNUSED_FUNCTION = YES;
				GCC_WARN_UNUSED_VARIABLE = YES;
				IPHONEOS_DEPLOYMENT_TARGET = 17.2;
				LOCALIZATION_PREFERS_STRING_CATALOGS = YES;
				MTL_ENABLE_DEBUG_INFO = INCLUDE_SOURCE;
				MTL_FAST_MATH = YES;
				ONLY_ACTIVE_ARCH = YES;
				SDKROOT = iphoneos;
				SWIFT_ACTIVE_COMPILATION_CONDITIONS = "DEBUG $(inherited)";
				SWIFT_OPTIMIZATION_LEVEL = "-Onone";
			};
			name = Debug;
		};
		13CA1B462B6E46E800612C29 /* Release */ = {
			isa = XCBuildConfiguration;
			buildSettings = {
				ALWAYS_SEARCH_USER_PATHS = NO;
				ASSETCATALOG_COMPILER_GENERATE_SWIFT_ASSET_SYMBOL_EXTENSIONS = YES;
				CLANG_ANALYZER_NONNULL = YES;
				CLANG_ANALYZER_NUMBER_OBJECT_CONVERSION = YES_AGGRESSIVE;
				CLANG_CXX_LANGUAGE_STANDARD = "gnu++20";
				CLANG_ENABLE_MODULES = YES;
				CLANG_ENABLE_OBJC_ARC = YES;
				CLANG_ENABLE_OBJC_WEAK = YES;
				CLANG_WARN_BLOCK_CAPTURE_AUTORELEASING = YES;
				CLANG_WARN_BOOL_CONVERSION = YES;
				CLANG_WARN_COMMA = YES;
				CLANG_WARN_CONSTANT_CONVERSION = YES;
				CLANG_WARN_DEPRECATED_OBJC_IMPLEMENTATIONS = YES;
				CLANG_WARN_DIRECT_OBJC_ISA_USAGE = YES_ERROR;
				CLANG_WARN_DOCUMENTATION_COMMENTS = YES;
				CLANG_WARN_EMPTY_BODY = YES;
				CLANG_WARN_ENUM_CONVERSION = YES;
				CLANG_WARN_INFINITE_RECURSION = YES;
				CLANG_WARN_INT_CONVERSION = YES;
				CLANG_WARN_NON_LITERAL_NULL_CONVERSION = YES;
				CLANG_WARN_OBJC_IMPLICIT_RETAIN_SELF = YES;
				CLANG_WARN_OBJC_LITERAL_CONVERSION = YES;
				CLANG_WARN_OBJC_ROOT_CLASS = YES_ERROR;
				CLANG_WARN_QUOTED_INCLUDE_IN_FRAMEWORK_HEADER = YES;
				CLANG_WARN_RANGE_LOOP_ANALYSIS = YES;
				CLANG_WARN_STRICT_PROTOTYPES = YES;
				CLANG_WARN_SUSPICIOUS_MOVE = YES;
				CLANG_WARN_UNGUARDED_AVAILABILITY = YES_AGGRESSIVE;
				CLANG_WARN_UNREACHABLE_CODE = YES;
				CLANG_WARN__DUPLICATE_METHOD_MATCH = YES;
				COPY_PHASE_STRIP = NO;
				DEBUG_INFORMATION_FORMAT = "dwarf-with-dsym";
				ENABLE_NS_ASSERTIONS = NO;
				ENABLE_STRICT_OBJC_MSGSEND = YES;
				ENABLE_USER_SCRIPT_SANDBOXING = YES;
				GCC_C_LANGUAGE_STANDARD = gnu17;
				GCC_NO_COMMON_BLOCKS = YES;
				GCC_WARN_64_TO_32_BIT_CONVERSION = YES;
				GCC_WARN_ABOUT_RETURN_TYPE = YES_ERROR;
				GCC_WARN_UNDECLARED_SELECTOR = YES;
				GCC_WARN_UNINITIALIZED_AUTOS = YES_AGGRESSIVE;
				GCC_WARN_UNUSED_FUNCTION = YES;
				GCC_WARN_UNUSED_VARIABLE = YES;
				IPHONEOS_DEPLOYMENT_TARGET = 17.2;
				LOCALIZATION_PREFERS_STRING_CATALOGS = YES;
				MTL_ENABLE_DEBUG_INFO = NO;
				MTL_FAST_MATH = YES;
				SDKROOT = iphoneos;
				SWIFT_COMPILATION_MODE = wholemodule;
				VALIDATE_PRODUCT = YES;
			};
			name = Release;
		};
		13CA1B482B6E46E800612C29 /* Debug */ = {
			isa = XCBuildConfiguration;
			buildSettings = {
				ASSETCATALOG_COMPILER_APPICON_NAME = AppIcon;
				ASSETCATALOG_COMPILER_GLOBAL_ACCENT_COLOR_NAME = AccentColor;
				CODE_SIGN_STYLE = Automatic;
				CURRENT_PROJECT_VERSION = 1;
				DEVELOPMENT_TEAM = 5F8NF33WRR;
				GENERATE_INFOPLIST_FILE = YES;
				INFOPLIST_FILE = ZrobiQR/Resources/Info.plist;
				INFOPLIST_KEY_UIApplicationSupportsIndirectInputEvents = YES;
				INFOPLIST_KEY_UILaunchStoryboardName = LaunchScreen;
				INFOPLIST_KEY_UISupportedInterfaceOrientations = UIInterfaceOrientationPortrait;
				INFOPLIST_KEY_UISupportedInterfaceOrientations_iPad = "UIInterfaceOrientationLandscapeLeft UIInterfaceOrientationLandscapeRight UIInterfaceOrientationPortrait UIInterfaceOrientationPortraitUpsideDown";
				IPHONEOS_DEPLOYMENT_TARGET = 14.0;
				LD_RUNPATH_SEARCH_PATHS = (
					"$(inherited)",
					"@executable_path/Frameworks",
				);
				MARKETING_VERSION = 1.0;
				PRODUCT_BUNDLE_IDENTIFIER = code.ZrobiQR;
				PRODUCT_NAME = "$(TARGET_NAME)";
				SUPPORTED_PLATFORMS = "iphoneos iphonesimulator";
				SUPPORTS_MACCATALYST = NO;
				SUPPORTS_MAC_DESIGNED_FOR_IPHONE_IPAD = NO;
				SWIFT_EMIT_LOC_STRINGS = YES;
				SWIFT_VERSION = 5.0;
				TARGETED_DEVICE_FAMILY = 1;
			};
			name = Debug;
		};
		13CA1B492B6E46E800612C29 /* Release */ = {
			isa = XCBuildConfiguration;
			buildSettings = {
				ASSETCATALOG_COMPILER_APPICON_NAME = AppIcon;
				ASSETCATALOG_COMPILER_GLOBAL_ACCENT_COLOR_NAME = AccentColor;
				CODE_SIGN_STYLE = Automatic;
				CURRENT_PROJECT_VERSION = 1;
				DEVELOPMENT_TEAM = 5F8NF33WRR;
				GENERATE_INFOPLIST_FILE = YES;
				INFOPLIST_FILE = ZrobiQR/Resources/Info.plist;
				INFOPLIST_KEY_UIApplicationSupportsIndirectInputEvents = YES;
				INFOPLIST_KEY_UILaunchStoryboardName = LaunchScreen;
				INFOPLIST_KEY_UISupportedInterfaceOrientations = UIInterfaceOrientationPortrait;
				INFOPLIST_KEY_UISupportedInterfaceOrientations_iPad = "UIInterfaceOrientationLandscapeLeft UIInterfaceOrientationLandscapeRight UIInterfaceOrientationPortrait UIInterfaceOrientationPortraitUpsideDown";
				IPHONEOS_DEPLOYMENT_TARGET = 14.0;
				LD_RUNPATH_SEARCH_PATHS = (
					"$(inherited)",
					"@executable_path/Frameworks",
				);
				MARKETING_VERSION = 1.0;
				PRODUCT_BUNDLE_IDENTIFIER = code.ZrobiQR;
				PRODUCT_NAME = "$(TARGET_NAME)";
				SUPPORTED_PLATFORMS = "iphoneos iphonesimulator";
				SUPPORTS_MACCATALYST = NO;
				SUPPORTS_MAC_DESIGNED_FOR_IPHONE_IPAD = NO;
				SWIFT_EMIT_LOC_STRINGS = YES;
				SWIFT_VERSION = 5.0;
				TARGETED_DEVICE_FAMILY = 1;
			};
			name = Release;
		};
/* End XCBuildConfiguration section */

/* Begin XCConfigurationList section */
		13CA1B2B2B6E46E600612C29 /* Build configuration list for PBXProject "ZrobiQR" */ = {
			isa = XCConfigurationList;
			buildConfigurations = (
				13CA1B452B6E46E800612C29 /* Debug */,
				13CA1B462B6E46E800612C29 /* Release */,
			);
			defaultConfigurationIsVisible = 0;
			defaultConfigurationName = Release;
		};
		13CA1B472B6E46E800612C29 /* Build configuration list for PBXNativeTarget "ZrobiQR" */ = {
			isa = XCConfigurationList;
			buildConfigurations = (
				13CA1B482B6E46E800612C29 /* Debug */,
				13CA1B492B6E46E800612C29 /* Release */,
			);
			defaultConfigurationIsVisible = 0;
			defaultConfigurationName = Release;
		};
/* End XCConfigurationList section */

/* Begin XCRemoteSwiftPackageReference section */
		13CA1B4F2B6E47F500612C29 /* XCRemoteSwiftPackageReference "SnapKit" */ = {
			isa = XCRemoteSwiftPackageReference;
			repositoryURL = "https://github.com/SnapKit/SnapKit";
			requirement = {
				kind = upToNextMajorVersion;
				minimumVersion = 5.7.0;
			};
		};
/* End XCRemoteSwiftPackageReference section */

/* Begin XCSwiftPackageProductDependency section */
		13CA1B502B6E47F500612C29 /* SnapKit */ = {
			isa = XCSwiftPackageProductDependency;
			package = 13CA1B4F2B6E47F500612C29 /* XCRemoteSwiftPackageReference "SnapKit" */;
			productName = SnapKit;
		};
/* End XCSwiftPackageProductDependency section */

/* Begin XCVersionGroup section */
		13CA1B3C2B6E46E700612C29 /* ZrobiQR.xcdatamodeld */ = {
			isa = XCVersionGroup;
			children = (
				13CA1B3D2B6E46E700612C29 /* ZrobiQR.xcdatamodel */,
			);
			currentVersion = 13CA1B3D2B6E46E700612C29 /* ZrobiQR.xcdatamodel */;
			path = ZrobiQR.xcdatamodeld;
			sourceTree = "<group>";
			versionGroupType = wrapper.xcdatamodel;
		};
/* End XCVersionGroup section */
	};
	rootObject = 13CA1B282B6E46E600612C29 /* Project object */;
}
